PODS:
  - AFNetworking (3.2.1):
    - AFNetworking/NSURLSession (= 3.2.1)
    - AFNetworking/Reachability (= 3.2.1)
    - AFNetworking/Security (= 3.2.1)
    - AFNetworking/Serialization (= 3.2.1)
    - AFNetworking/UIKit (= 3.2.1)
  - AFNetworking/NSURLSession (3.2.1):
    - AFNetworking/Reachability
    - AFNetworking/Security
    - AFNetworking/Serialization
  - AFNetworking/Reachability (3.2.1)
  - AFNetworking/Security (3.2.1)
  - AFNetworking/Serialization (3.2.1)
  - AFNetworking/UIKit (3.2.1):
    - AFNetworking/NSURLSession
  - RYLSJNetworking (0.1.0):
    - AFNetworking

DEPENDENCIES:
  - RYLSJNetworking (from `../`)

SPEC REPOS:
  https://github.com/cocoapods/specs.git:
    - AFNetworking

EXTERNAL SOURCES:
  RYLSJNetworking:
    :path: "../"

SPEC CHECKSUMS:
  AFNetworking: b6f891fdfaed196b46c7a83cf209e09697b94057
  RYLSJNetworking: 2ea1a9ce3386a40c124b4f9c6344beb8bddd35c6

PODFILE CHECKSUM: aca718537c0a0f6b5bfa0426d207151b07c14d8a

COCOAPODS: 1.6.0.beta.2
